# Code generated by scarb DO NOT EDIT.
version = 1

[[package]]
name = "game_components_encoding"
version = "2.7.0"
source = "git+https://github.com/Provable-Games/game-components?rev=66ce934e750f8162de4f6a377357b2b8f8e5c4c0#66ce934e750f8162de4f6a377357b2b8f8e5c4c0"

[[package]]
name = "onchain_tinysynth"
version = "0.1.0"
dependencies = [
 "game_components_encoding",
 "snforge_std",
]

[[package]]
name = "snforge_scarb_plugin"
version = "0.64.0"
source = "registry+https://scarbs.xyz/"
checksum = "sha256:b6e330b8303add0d1a32e636e4e0d2b44a6b4ff5632bfe0ce66f136a701ae151"

[[package]]
name = "snforge_std"
version = "0.64.0"
source = "registry+https://scarbs.xyz/"
checksum = "sha256:ea9ca83895fd0ae4b99c5cf93b384b8045dc0dca80a075ecef1ee9fdf5ffa6f5"
dependencies = [
 "snforge_scarb_plugin",
]
